# Image digests validated for OpenTelemetry Demo 3.0.0 on 2026-09-12.
# Issue: creep1ng/sre-agent#186
# Format: <repository>:<tag><TAB>sha256:<digest>
#
# demo/manifest.yaml declares the environment in readable form; this file records
# what that declaration resolved to. Verification compares current digests against
# these entries, which detects an upstream tag repointed to different content.
# Regenerate only when the pinned version changes, in the same commit.
ghcr.io/open-feature/flagd:v0.16.0	sha256:32234e63c1d0634883aabd31cbd46802934aaaef0153dfd653b5d1017940bb4e
ghcr.io/open-telemetry/demo:3.0.0-ad	sha256:e6c593fe75eb0309392951d35c7ac85fcd15c0b80430500921b7d2e9c332a6db
ghcr.io/open-telemetry/demo:3.0.0-cart	sha256:3f89a444250a8a56050ba59756be3ca269af500bf44e33579e79ba9c74cab8c1
ghcr.io/open-telemetry/demo:3.0.0-checkout	sha256:3d18cb304a6af6a512c5e488bb19ee42be7d71bdf75a9786aa7296b8fb0a5036
ghcr.io/open-telemetry/demo:3.0.0-currency	sha256:f82a7805e7ba635b62c08f8fe67a5deccb06c91dc51cb56ae88767f582ad7f75
ghcr.io/open-telemetry/demo:3.0.0-email	sha256:d674d4081ca4201cbec9994e753ddf8f6a6fea7d57451c54fc964de6ac51c76c
ghcr.io/open-telemetry/demo:3.0.0-flagd-ui	sha256:92873a8e277d4db925f61b680708f4043e3aa08d8073c8e9000b83731f288bb7
ghcr.io/open-telemetry/demo:3.0.0-frontend	sha256:9505e349e140ed5efde4b03b77cf500ef5d53c568ea83502c7e9c26494b964a3
ghcr.io/open-telemetry/demo:3.0.0-frontend-proxy	sha256:1c53bfb596970a014682925f804c686762c0c593949ce58a90ac38563f317841
ghcr.io/open-telemetry/demo:3.0.0-image-provider	sha256:93e1585e97ac3de0e2ace6929dc5e2a797e2c009fbb3eba668fa3990f4f271b5
ghcr.io/open-telemetry/demo:3.0.0-load-generator	sha256:cd12cb42fb150fb2283fc05df5353fde88d5e35f3bf8189058756a6458eede87
ghcr.io/open-telemetry/demo:3.0.0-opamp-server	sha256:62cfae32adb1f51904d5772727a846eb90c8304170c01c2e6ca09925cc49a693
ghcr.io/open-telemetry/demo:3.0.0-opensearch	sha256:8950f637638476318a9f8eaf8fd608e4d3a164fbd3f429612f65009ee31677f5
ghcr.io/open-telemetry/demo:3.0.0-payment	sha256:d498c7434d22ff7a82ec86843efd22c93c52cb8c6df4961a7110617b1e08c15f
ghcr.io/open-telemetry/demo:3.0.0-product-catalog	sha256:278aff685646443b88cf1ab7d83812d82204fbb16ea279296161d05bf1329080
ghcr.io/open-telemetry/demo:3.0.0-quote	sha256:6bc8f7f6809e1435241dc9ea404e602657d192cf237bcd175d7344cec9e0d615
ghcr.io/open-telemetry/demo:3.0.0-recommendation	sha256:6510027907f925b1d76d0c645c9c757427c8735577ea9a422291c7b4b770bfd5
ghcr.io/open-telemetry/demo:3.0.0-shipping	sha256:02602e60edbfa7e019b21fa98f95e3d44bc3181c9aafaf82a73b5169ae8f9031
ghcr.io/open-telemetry/demo:3.0.0-telemetry-docs	sha256:3519858704e72fe6ef8ce8c41e70dbd41410e79bdc1eea9608658e9eade06d05
ghcr.io/open-telemetry/opentelemetry-collector-releases/opentelemetry-collector-contrib:0.157.0	sha256:f2f01157055a9b2aab9df7118e1f1c9abf345e99b23bc7a2bc791db374a7d0f6
ghcr.io/valkey-io/valkey:9.0.4-alpine3.23	sha256:107b203169a20ef7c87548c157f4e4a833dbbbd20fefd3a26740b7f98ac80216
grafana/grafana:13.1.0	sha256:121a7a9ece6dc10b969f1f96eed64b4f07dfac0d0b8abc070f7cb83bbde86f63
postgres:18.4	sha256:a02db8cac496f15b094798a38254f14d6e00741f709360e5e00bb6668ea31636
quay.io/jaegertracing/jaeger:2.19.0	sha256:ede4864215be4cd85bd8c3129a2fea6c5713c5653c7282c429dba123014bc68b
quay.io/prometheus/prometheus:v3.13.1	sha256:3c42b892cf723fa54d2f262c37a0e1f80aa8c8ddb1da7b9b0df9455a35a7f893

# Grafana MCP, added on 2026-09-17 (deliverable 3); not part of upstream.
grafana/mcp-grafana:1.3.0	sha256:5114852743e450fe5186b6c1712419843eb4bd295e47e64c452c3aa0fab3c42e
